
Microsoft Visual Studio Solution File, Format Version 12.00
Project("{FAE04EC0-301F-11D3-BF4B-00C04F79EFBC}") = "Converter", "Converter\Converter.csproj", "{A7B81D4E-AB50-467C-80C9-9C395EC570C1}"
EndProject
Global
	GlobalSection(SolutionConfigurationPlatforms) = preSolution
		Debug|Any CPU = Debug|Any CPU
		Release|Any CPU = Release|Any CPU
	EndGlobalSection
	GlobalSection(ProjectConfigurationPlatforms) = postSolution
		{A7B81D4E-AB50-467C-80C9-9C395EC570C1}.Debug|Any CPU.ActiveCfg = Debug|Any CPU
		{A7B81D4E-AB50-467C-80C9-9C395EC570C1}.Debug|Any CPU.Build.0 = Debug|Any CPU
		{A7B81D4E-AB50-467C-80C9-9C395EC570C1}.Release|Any CPU.ActiveCfg = Release|Any CPU
		{A7B81D4E-AB50-467C-80C9-9C395EC570C1}.Release|Any CPU.Build.0 = Release|Any CPU
	EndGlobalSection
EndGlobal
